
Microsoft Visual Studio Solution File, Format Version 12.00
# Visual Studio Version 16
VisualStudioVersion = 16.0.30907.101
MinimumVisualStudioVersion = 10.0.40219.1
Project("{FAE04EC0-301F-11D3-BF4B-00C04F79EFBC}") = "ConsoleUI", "ConsoleUI\ConsoleUI.csproj", "{F397C7A6-32E2-4F91-BEA9-27D809725111}"
EndProject
Global
	GlobalSection(SolutionConfigurationPlatforms) = preSolution
		Debug|Any CPU = Debug|Any CPU
		Release|Any CPU = Release|Any CPU
	EndGlobalSection
	GlobalSection(ProjectConfigurationPlatforms) = postSolution
		{F397C7A6-32E2-4F91-BEA9-27D809725111}.Debug|Any CPU.ActiveCfg = Debug|Any CPU
		{F397C7A6-32E2-4F91-BEA9-27D809725111}.Debug|Any CPU.Build.0 = Debug|Any CPU
		{F397C7A6-32E2-4F91-BEA9-27D809725111}.Release|Any CPU.ActiveCfg = Release|Any CPU
		{F397C7A6-32E2-4F91-BEA9-27D809725111}.Release|Any CPU.Build.0 = Release|Any CPU
	EndGlobalSection
	GlobalSection(SolutionProperties) = preSolution
		HideSolutionNode = FALSE
	EndGlobalSection
	GlobalSection(ExtensibilityGlobals) = postSolution
		SolutionGuid = {1FE66CD8-30A2-475C-B8A7-BD28BA01D182}
	EndGlobalSection
EndGlobal
